
Microsoft Visual Studio Solution File, Format Version 12.00
# Visual Studio Version 17
VisualStudioVersion = 17.8.34511.84
MinimumVisualStudioVersion = 10.0.40219.1
Project("{FAE04EC0-301F-11D3-BF4B-00C04F79EFBC}") = "Ödevler3hafta", "Ödevler3hafta.csproj", "{D19E5FB4-6523-491C-9B84-8FC86C7383FD}"
EndProject
Global
	GlobalSection(SolutionConfigurationPlatforms) = preSolution
		Debug|Any CPU = Debug|Any CPU
		Release|Any CPU = Release|Any CPU
	EndGlobalSection
	GlobalSection(ProjectConfigurationPlatforms) = postSolution
		{D19E5FB4-6523-491C-9B84-8FC86C7383FD}.Debug|Any CPU.ActiveCfg = Debug|Any CPU
		{D19E5FB4-6523-491C-9B84-8FC86C7383FD}.Debug|Any CPU.Build.0 = Debug|Any CPU
		{D19E5FB4-6523-491C-9B84-8FC86C7383FD}.Release|Any CPU.ActiveCfg = Release|Any CPU
		{D19E5FB4-6523-491C-9B84-8FC86C7383FD}.Release|Any CPU.Build.0 = Release|Any CPU
	EndGlobalSection
	GlobalSection(SolutionProperties) = preSolution
		HideSolutionNode = FALSE
	EndGlobalSection
	GlobalSection(ExtensibilityGlobals) = postSolution
		SolutionGuid = {F4056C99-6A8D-4117-9AD6-6C71410C878D}
	EndGlobalSection
EndGlobal
